// !$*UTF8*$!
{
	archiveVersion = 1;
	classes = {
	};
	objectVersion = 50;
	objects = {

/* Begin PBXBuildFile section */
		FA01F51A26B1799E00C980C9 /* AppDelegate.swift in Sources */ = {isa = PBXBuildFile; fileRef = FA01F51926B1799E00C980C9 /* AppDelegate.swift */; };
		FA01F51C26B1799E00C980C9 /* SceneDelegate.swift in Sources */ = {isa = PBXBuildFile; fileRef = FA01F51B26B1799E00C980C9 /* SceneDelegate.swift */; };
		FA01F52126B1799E00C980C9 /* Main.storyboard in Resources */ = {isa = PBXBuildFile; fileRef = FA01F51F26B1799E00C980C9 /* Main.storyboard */; };
		FA01F52326B1799E00C980C9 /* Assets.xcassets in Resources */ = {isa = PBXBuildFile; fileRef = FA01F52226B1799E00C980C9 /* Assets.xcassets */; };
		FA01F52626B1799E00C980C9 /* LaunchScreen.storyboard in Resources */ = {isa = PBXBuildFile; fileRef = FA01F52426B1799E00C980C9 /* LaunchScreen.storyboard */; };
		FA01F52E26B1B8AB00C980C9 /* PillListViewController.swift in Sources */ = {isa = PBXBuildFile; fileRef = FA01F52D26B1B8AB00C980C9 /* PillListViewController.swift */; };
		FA01F53026B1C31200C980C9 /* Pill.swift in Sources */ = {isa = PBXBuildFile; fileRef = FA01F52F26B1C31200C980C9 /* Pill.swift */; };
/* End PBXBuildFile section */

/* Begin PBXFileReference section */
		FA01F51626B1799E00C980C9 /* medicationManager.app */ = {isa = PBXFileReference; explicitFileType = wrapper.application; includeInIndex = 0; path = medicationManager.app; sourceTree = BUILT_PRODUCTS_DIR; };
		FA01F51926B1799E00C980C9 /* AppDelegate.swift */ = {isa = PBXFileReference; lastKnownFileType = sourcecode.swift; path = AppDelegate.swift; sourceTree = "<group>"; };
		FA01F51B26B1799E00C980C9 /* SceneDelegate.swift */ = {isa = PBXFileReference; lastKnownFileType = sourcecode.swift; path = SceneDelegate.swift; sourceTree = "<group>"; };
		FA01F52026B1799E00C980C9 /* Base */ = {isa = PBXFileReference; lastKnownFileType = file.storyboard; name = Base; path = Base.lproj/Main.storyboard; sourceTree = "<group>"; };
		FA01F52226B1799E00C980C9 /* Assets.xcassets */ = {isa = PBXFileReference; lastKnownFileType = folder.assetcatalog; path = Assets.xcassets; sourceTree = "<group>"; };
		FA01F52526B1799E00C980C9 /* Base */ = {isa = PBXFileReference; lastKnownFileType = file.storyboard; name = Base; path = Base.lproj/LaunchScreen.storyboard; sourceTree = "<group>"; };
		FA01F52726B1799E00C980C9 /* Info.plist */ = {isa = PBXFileReference; lastKnownFileType = text.plist.xml; path = Info.plist; sourceTree = "<group>"; };
		FA01F52D26B1B8AB00C980C9 /* PillListViewController.swift */ = {isa = PBXFileReference; lastKnownFileType = sourcecode.swift; path = PillListViewController.swift; sourceTree = "<group>"; };
		FA01F52F26B1C31200C980C9 /* Pill.swift */ = {isa = PBXFileReference; lastKnownFileType = sourcecode.swift; path = Pill.swift; sourceTree = "<group>"; };
/* End PBXFileReference section */

/* Begin PBXFrameworksBuildPhase section */
		FA01F51326B1799E00C980C9 /* Frameworks */ = {
			isa = PBXFrameworksBuildPhase;
			buildActionMask = 2147483647;
			files = (
			);
			runOnlyForDeploymentPostprocessing = 0;
		};
/* End PBXFrameworksBuildPhase section */

/* Begin PBXGroup section */
		FA01F50D26B1799E00C980C9 = {
			isa = PBXGroup;
			children = (
				FA01F51826B1799E00C980C9 /* medicationManager */,
				FA01F51726B1799E00C980C9 /* Products */,
			);
			sourceTree = "<group>";
		};
		FA01F51726B1799E00C980C9 /* Products */ = {
			isa = PBXGroup;
			children = (
				FA01F51626B1799E00C980C9 /* medicationManager.app */,
			);
			name = Products;
			sourceTree = "<group>";
		};
		FA01F51826B1799E00C980C9 /* medicationManager */ = {
			isa = PBXGroup;
			children = (
				FA01F51926B1799E00C980C9 /* AppDelegate.swift */,
				FA01F51B26B1799E00C980C9 /* SceneDelegate.swift */,
				FA01F51F26B1799E00C980C9 /* Main.storyboard */,
				FA01F52D26B1B8AB00C980C9 /* PillListViewController.swift */,
				FA01F52F26B1C31200C980C9 /* Pill.swift */,
				FA01F52226B1799E00C980C9 /* Assets.xcassets */,
				FA01F52426B1799E00C980C9 /* LaunchScreen.storyboard */,
				FA01F52726B1799E00C980C9 /* Info.plist */,
			);
			path = medicationManager;
			sourceTree = "<group>";
		};
/* End PBXGroup section */

/* Begin PBXNativeTarget section */
		FA01F51526B1799E00C980C9 /* medicationManager */ = {
			isa = PBXNativeTarget;
			buildConfigurationList = FA01F52A26B1799E00C980C9 /* Build configuration list for PBXNativeTarget "medicationManager" */;
			buildPhases = (
				FA01F51226B1799E00C980C9 /* Sources */,
				FA01F51326B1799E00C980C9 /* Frameworks */,
				FA01F51426B1799E00C980C9 /* Resources */,
			);
			buildRules = (
			);
			dependencies = (
			);
			name = medicationManager;
			productName = medicationManager;
			productReference = FA01F51626B1799E00C980C9 /* medicationManager.app */;
			productType = "com.apple.product-type.application";
		};
/* End PBXNativeTarget section */

/* Begin PBXProject section */
		FA01F50E26B1799E00C980C9 /* Project object */ = {
			isa = PBXProject;
			attributes = {
				LastSwiftUpdateCheck = 1250;
				LastUpgradeCheck = 1250;
				TargetAttributes = {
					FA01F51526B1799E00C980C9 = {
						CreatedOnToolsVersion = 12.5.1;
					};
				};
			};
			buildConfigurationList = FA01F51126B1799E00C980C9 /* Build configuration list for PBXProject "medicationManager" */;
			compatibilityVersion = "Xcode 9.3";
			developmentRegion = en;
			hasScannedForEncodings = 0;
			knownRegions = (
				en,
				Base,
			);
			mainGroup = FA01F50D26B1799E00C980C9;
			productRefGroup = FA01F51726B1799E00C980C9 /* Products */;
			projectDirPath = "";
			projectRoot = "";
			targets = (
				FA01F51526B1799E00C980C9 /* medicationManager */,
			);
		};
/* End PBXProject section */

/* Begin PBXResourcesBuildPhase section */
		FA01F51426B1799E00C980C9 /* Resources */ = {
			isa = PBXResourcesBuildPhase;
			buildActionMask = 2147483647;
			files = (
				FA01F52626B1799E00C980C9 /* LaunchScreen.storyboard in Resources */,
				FA01F52326B1799E00C980C9 /* Assets.xcassets in Resources */,
				FA01F52126B1799E00C980C9 /* Main.storyboard in Resources */,
			);
			runOnlyForDeploymentPostprocessing = 0;
		};
/* End PBXResourcesBuildPhase section */

/* Begin PBXSourcesBuildPhase section */
		FA01F51226B1799E00C980C9 /* Sources */ = {
			isa = PBXSourcesBuildPhase;
			buildActionMask = 2147483647;
			files = (
				FA01F52E26B1B8AB00C980C9 /* PillListViewController.swift in Sources */,
				FA01F51A26B1799E00C980C9 /* AppDelegate.swift in Sources */,
				FA01F53026B1C31200C980C9 /* Pill.swift in Sources */,
				FA01F51C26B1799E00C980C9 /* SceneDelegate.swift in Sources */,
			);
			runOnlyForDeploymentPostprocessing = 0;
		};
/* End PBXSourcesBuildPhase section */

/* Begin PBXVariantGroup section */
		FA01F51F26B1799E00C980C9 /* Main.storyboard */ = {
			isa = PBXVariantGroup;
			children = (
				FA01F52026B1799E00C980C9 /* Base */,
			);
			name = Main.storyboard;
			sourceTree = "<group>";
		};
		FA01F52426B1799E00C980C9 /* LaunchScreen.storyboard */ = {
			isa = PBXVariantGroup;
			children = (
				FA01F52526B1799E00C980C9 /* Base */,
			);
			name = LaunchScreen.storyboard;
			sourceTree = "<group>";
		};
/* End PBXVariantGroup section */

/* Begin XCBuildConfiguration section */
		FA01F52826B1799E00C980C9 /* Debug */ = {
			isa = XCBuildConfiguration;
			buildSettings = {
				ALWAYS_SEARCH_USER_PATHS = NO;
				CLANG_ANALYZER_NONNULL = YES;
				CLANG_ANALYZER_NUMBER_OBJECT_CONVERSION = YES_AGGRESSIVE;
				CLANG_CXX_LANGUAGE_STANDARD = "gnu++14";
				CLANG_CXX_LIBRARY = "libc++";
				CLANG_ENABLE_MODULES = YES;
				CLANG_ENABLE_OBJC_ARC = YES;
				CLANG_ENABLE_OBJC_WEAK = YES;
				CLANG_WARN_BLOCK_CAPTURE_AUTORELEASING = YES;
				CLANG_WARN_BOOL_CONVERSION = YES;
				CLANG_WARN_COMMA = YES;
				CLANG_WARN_CONSTANT_CONVERSION = YES;
				CLANG_WARN_DEPRECATED_OBJC_IMPLEMENTATIONS = YES;
				CLANG_WARN_DIRECT_OBJC_ISA_USAGE = YES_ERROR;
				CLANG_WARN_DOCUMENTATION_COMMENTS = YES;
				CLANG_WARN_EMPTY_BODY = YES;
				CLANG_WARN_ENUM_CONVERSION = YES;
				CLANG_WARN_INFINITE_RECURSION = YES;
				CLANG_WARN_INT_CONVERSION = YES;
				CLANG_WARN_NON_LITERAL_NULL_CONVERSION = YES;
				CLANG_WARN_OBJC_IMPLICIT_RETAIN_SELF = YES;
				CLANG_WARN_OBJC_LITERAL_CONVERSION = YES;
				CLANG_WARN_OBJC_ROOT_CLASS = YES_ERROR;
				CLANG_WARN_QUOTED_INCLUDE_IN_FRAMEWORK_HEADER = YES;
				CLANG_WARN_RANGE_LOOP_ANALYSIS = YES;
				CLANG_WARN_STRICT_PROTOTYPES = YES;
				CLANG_WARN_SUSPICIOUS_MOVE = YES;
				CLANG_WARN_UNGUARDED_AVAILABILITY = YES_AGGRESSIVE;
				CLANG_WARN_UNREACHABLE_CODE = YES;
				CLANG_WARN__DUPLICATE_METHOD_MATCH = YES;
				COPY_PHASE_STRIP = NO;
				DEBUG_INFORMATION_FORMAT = dwarf;
				ENABLE_STRICT_OBJC_MSGSEND = YES;
				ENABLE_TESTABILITY = YES;
				GCC_C_LANGUAGE_STANDARD = gnu11;
				GCC_DYNAMIC_NO_PIC = NO;
				GCC_NO_COMMON_BLOCKS = YES;
				GCC_OPTIMIZATION_LEVEL = 0;
				GCC_PREPROCESSOR_DEFINITIONS = (
					"DEBUG=1",
					"$(inherited)",
				);
				GCC_WARN_64_TO_32_BIT_CONVERSION = YES;
				GCC_WARN_ABOUT_RETURN_TYPE = YES_ERROR;
				GCC_WARN_UNDECLARED_SELECTOR = YES;
				GCC_WARN_UNINITIALIZED_AUTOS = YES_AGGRESSIVE;
				GCC_WARN_UNUSED_FUNCTION = YES;
				GCC_WARN_UNUSED_VARIABLE = YES;
				IPHONEOS_DEPLOYMENT_TARGET = 14.5;
				MTL_ENABLE_DEBUG_INFO = INCLUDE_SOURCE;
				MTL_FAST_MATH = YES;
				ONLY_ACTIVE_ARCH = YES;
				SDKROOT = iphoneos;
				SWIFT_ACTIVE_COMPILATION_CONDITIONS = DEBUG;
				SWIFT_OPTIMIZATION_LEVEL = "-Onone";
			};
			name = Debug;
		};
		FA01F52926B1799E00C980C9 /* Release */ = {
			isa = XCBuildConfiguration;
			buildSettings = {
				ALWAYS_SEARCH_USER_PATHS = NO;
				CLANG_ANALYZER_NONNULL = YES;
				CLANG_ANALYZER_NUMBER_OBJECT_CONVERSION = YES_AGGRESSIVE;
				CLANG_CXX_LANGUAGE_STANDARD = "gnu++14";
				CLANG_CXX_LIBRARY = "libc++";
				CLANG_ENABLE_MODULES = YES;
				CLANG_ENABLE_OBJC_ARC = YES;
				CLANG_ENABLE_OBJC_WEAK = YES;
				CLANG_WARN_BLOCK_CAPTURE_AUTORELEASING = YES;
				CLANG_WARN_BOOL_CONVERSION = YES;
				CLANG_WARN_COMMA = YES;
				CLANG_WARN_CONSTANT_CONVERSION = YES;
				CLANG_WARN_DEPRECATED_OBJC_IMPLEMENTATIONS = YES;
				CLANG_WARN_DIRECT_OBJC_ISA_USAGE = YES_ERROR;
				CLANG_WARN_DOCUMENTATION_COMMENTS = YES;
				CLANG_WARN_EMPTY_BODY = YES;
				CLANG_WARN_ENUM_CONVERSION = YES;
				CLANG_WARN_INFINITE_RECURSION = YES;
				CLANG_WARN_INT_CONVERSION = YES;
				CLANG_WARN_NON_LITERAL_NULL_CONVERSION = YES;
				CLANG_WARN_OBJC_IMPLICIT_RETAIN_SELF = YES;
				CLANG_WARN_OBJC_LITERAL_CONVERSION = YES;
				CLANG_WARN_OBJC_ROOT_CLASS = YES_ERROR;
				CLANG_WARN_QUOTED_INCLUDE_IN_FRAMEWORK_HEADER = YES;
				CLANG_WARN_RANGE_LOOP_ANALYSIS = YES;
				CLANG_WARN_STRICT_PROTOTYPES = YES;
				CLANG_WARN_SUSPICIOUS_MOVE = YES;
				CLANG_WARN_UNGUARDED_AVAILABILITY = YES_AGGRESSIVE;
				CLANG_WARN_UNREACHABLE_CODE = YES;
				CLANG_WARN__DUPLICATE_METHOD_MATCH = YES;
				COPY_PHASE_STRIP = NO;
				DEBUG_INFORMATION_FORMAT = "dwarf-with-dsym";
				ENABLE_NS_ASSERTIONS = NO;
				ENABLE_STRICT_OBJC_MSGSEND = YES;
				GCC_C_LANGUAGE_STANDARD = gnu11;
				GCC_NO_COMMON_BLOCKS = YES;
				GCC_WARN_64_TO_32_BIT_CONVERSION = YES;
				GCC_WARN_ABOUT_RETURN_TYPE = YES_ERROR;
				GCC_WARN_UNDECLARED_SELECTOR = YES;
				GCC_WARN_UNINITIALIZED_AUTOS = YES_AGGRESSIVE;
				GCC_WARN_UNUSED_FUNCTION = YES;
				GCC_WARN_UNUSED_VARIABLE = YES;
				IPHONEOS_DEPLOYMENT_TARGET = 14.5;
				MTL_ENABLE_DEBUG_INFO = NO;
				MTL_FAST_MATH = YES;
				SDKROOT = iphoneos;
				SWIFT_COMPILATION_MODE = wholemodule;
				SWIFT_OPTIMIZATION_LEVEL = "-O";
				VALIDATE_PRODUCT = YES;
			};
			name = Release;
		};
		FA01F52B26B1799E00C980C9 /* Debug */ = {
			isa = XCBuildConfiguration;
			buildSettings = {
				ASSETCATALOG_COMPILER_APPICON_NAME = AppIcon;
				ASSETCATALOG_COMPILER_GLOBAL_ACCENT_COLOR_NAME = AccentColor;
				CODE_SIGN_STYLE = Automatic;
				INFOPLIST_FILE = medicationManager/Info.plist;
				LD_RUNPATH_SEARCH_PATHS = (
					"$(inherited)",
					"@executable_path/Frameworks",
				);
				PRODUCT_BUNDLE_IDENTIFIER = "Nikita-Alekseev.medicationManager";
				PRODUCT_NAME = "$(TARGET_NAME)";
				SWIFT_VERSION = 5.0;
				TARGETED_DEVICE_FAMILY = "1,2";
			};
			name = Debug;
		};
		FA01F52C26B1799E00C980C9 /* Release */ = {
			isa = XCBuildConfiguration;
			buildSettings = {
				ASSETCATALOG_COMPILER_APPICON_NAME = AppIcon;
				ASSETCATALOG_COMPILER_GLOBAL_ACCENT_COLOR_NAME = AccentColor;
				CODE_SIGN_STYLE = Automatic;
				INFOPLIST_FILE = medicationManager/Info.plist;
				LD_RUNPATH_SEARCH_PATHS = (
					"$(inherited)",
					"@executable_path/Frameworks",
				);
				PRODUCT_BUNDLE_IDENTIFIER = "Nikita-Alekseev.medicationManager";
				PRODUCT_NAME = "$(TARGET_NAME)";
				SWIFT_VERSION = 5.0;
				TARGETED_DEVICE_FAMILY = "1,2";
			};
			name = Release;
		};
/* End XCBuildConfiguration section */

/* Begin XCConfigurationList section */
		FA01F51126B1799E00C980C9 /* Build configuration list for PBXProject "medicationManager" */ = {
			isa = XCConfigurationList;
			buildConfigurations = (
				FA01F52826B1799E00C980C9 /* Debug */,
				FA01F52926B1799E00C980C9 /* Release */,
			);
			defaultConfigurationIsVisible = 0;
			defaultConfigurationName = Release;
		};
		FA01F52A26B1799E00C980C9 /* Build configuration list for PBXNativeTarget "medicationManager" */ = {
			isa = XCConfigurationList;
			buildConfigurations = (
				FA01F52B26B1799E00C980C9 /* Debug */,
				FA01F52C26B1799E00C980C9 /* Release */,
			);
			defaultConfigurationIsVisible = 0;
			defaultConfigurationName = Release;
		};
/* End XCConfigurationList section */
	};
	rootObject = FA01F50E26B1799E00C980C9 /* Project object */;
}
